// !$*UTF8*$!
{
	archiveVersion = 1;
	classes = {
	};
	objectVersion = 46;
	objects = {

/* Begin PBXBuildFile section */
		97A4B1431D4745D600BC9D14 /* AppDelegate.swift in Sources */ = {isa = PBXBuildFile; fileRef = 97A4B1421D4745D600BC9D14 /* AppDelegate.swift */; };
		97A4B1481D4745D600BC9D14 /* Main.storyboard in Resources */ = {isa = PBXBuildFile; fileRef = 97A4B1461D4745D600BC9D14 /* Main.storyboard */; };
		97A4B14A1D4745D600BC9D14 /* Assets.xcassets in Resources */ = {isa = PBXBuildFile; fileRef = 97A4B1491D4745D600BC9D14 /* Assets.xcassets */; };
		97A4B14D1D4745D600BC9D14 /* LaunchScreen.storyboard in Resources */ = {isa = PBXBuildFile; fileRef = 97A4B14B1D4745D600BC9D14 /* LaunchScreen.storyboard */; };
		A8738F6E1D476D5F00E6077B /* LeiLeiViewController.swift in Sources */ = {isa = PBXBuildFile; fileRef = A8738F6D1D476D5F00E6077B /* LeiLeiViewController.swift */; };
		A8738F701D476D6F00E6077B /* YuanViewController.swift in Sources */ = {isa = PBXBuildFile; fileRef = A8738F6F1D476D6F00E6077B /* YuanViewController.swift */; };
		A8738F771D4852A000E6077B /* YuanDetailsViewController.swift in Sources */ = {isa = PBXBuildFile; fileRef = A8738F761D4852A000E6077B /* YuanDetailsViewController.swift */; };
		A8BF7A441D4F5C7F00B43868 /* CirCleView.swift in Sources */ = {isa = PBXBuildFile; fileRef = A8BF7A431D4F5C7F00B43868 /* CirCleView.swift */; };
/* End PBXBuildFile section */

/* Begin PBXFileReference section */
		97A4B13F1D4745D600BC9D14 /* L02.app */ = {isa = PBXFileReference; explicitFileType = wrapper.application; includeInIndex = 0; path = L02.app; sourceTree = BUILT_PRODUCTS_DIR; };
		97A4B1421D4745D600BC9D14 /* AppDelegate.swift */ = {isa = PBXFileReference; lastKnownFileType = sourcecode.swift; path = AppDelegate.swift; sourceTree = "<group>"; };
		97A4B1471D4745D600BC9D14 /* Base */ = {isa = PBXFileReference; lastKnownFileType = file.storyboard; name = Base; path = Base.lproj/Main.storyboard; sourceTree = "<group>"; };
		97A4B1491D4745D600BC9D14 /* Assets.xcassets */ = {isa = PBXFileReference; lastKnownFileType = folder.assetcatalog; path = Assets.xcassets; sourceTree = "<group>"; };
		97A4B14C1D4745D600BC9D14 /* Base */ = {isa = PBXFileReference; lastKnownFileType = file.storyboard; name = Base; path = Base.lproj/LaunchScreen.storyboard; sourceTree = "<group>"; };
		97A4B14E1D4745D600BC9D14 /* Info.plist */ = {isa = PBXFileReference; lastKnownFileType = text.plist.xml; path = Info.plist; sourceTree = "<group>"; };
		A8738F6D1D476D5F00E6077B /* LeiLeiViewController.swift */ = {isa = PBXFileReference; fileEncoding = 4; lastKnownFileType = sourcecode.swift; path = LeiLeiViewController.swift; sourceTree = "<group>"; };
		A8738F6F1D476D6F00E6077B /* YuanViewController.swift */ = {isa = PBXFileReference; fileEncoding = 4; lastKnownFileType = sourcecode.swift; path = YuanViewController.swift; sourceTree = "<group>"; };
		A8738F761D4852A000E6077B /* YuanDetailsViewController.swift */ = {isa = PBXFileReference; fileEncoding = 4; lastKnownFileType = sourcecode.swift; path = YuanDetailsViewController.swift; sourceTree = "<group>"; };
		A8BF7A431D4F5C7F00B43868 /* CirCleView.swift */ = {isa = PBXFileReference; fileEncoding = 4; lastKnownFileType = sourcecode.swift; path = CirCleView.swift; sourceTree = "<group>"; };
/* End PBXFileReference section */

/* Begin PBXFrameworksBuildPhase section */
		97A4B13C1D4745D600BC9D14 /* Frameworks */ = {
			isa = PBXFrameworksBuildPhase;
			buildActionMask = 2147483647;
			files = (
			);
			runOnlyForDeploymentPostprocessing = 0;
		};
/* End PBXFrameworksBuildPhase section */

/* Begin PBXGroup section */
		97A4B1361D4745D600BC9D14 = {
			isa = PBXGroup;
			children = (
				97A4B1411D4745D600BC9D14 /* L02 */,
				97A4B1401D4745D600BC9D14 /* Products */,
			);
			sourceTree = "<group>";
		};
		97A4B1401D4745D600BC9D14 /* Products */ = {
			isa = PBXGroup;
			children = (
				97A4B13F1D4745D600BC9D14 /* L02.app */,
			);
			name = Products;
			sourceTree = "<group>";
		};
		97A4B1411D4745D600BC9D14 /* L02 */ = {
			isa = PBXGroup;
			children = (
				97A4B1421D4745D600BC9D14 /* AppDelegate.swift */,
				A8738F6D1D476D5F00E6077B /* LeiLeiViewController.swift */,
				A8738F6F1D476D6F00E6077B /* YuanViewController.swift */,
				A8738F761D4852A000E6077B /* YuanDetailsViewController.swift */,
				A8BF7A431D4F5C7F00B43868 /* CirCleView.swift */,
				97A4B1461D4745D600BC9D14 /* Main.storyboard */,
				97A4B1491D4745D600BC9D14 /* Assets.xcassets */,
				97A4B14B1D4745D600BC9D14 /* LaunchScreen.storyboard */,
				97A4B14E1D4745D600BC9D14 /* Info.plist */,
			);
			path = L02;
			sourceTree = "<group>";
		};
/* End PBXGroup section */

/* Begin PBXNativeTarget section */
		97A4B13E1D4745D600BC9D14 /* L02 */ = {
			isa = PBXNativeTarget;
			buildConfigurationList = 97A4B1671D4745D600BC9D14 /* Build configuration list for PBXNativeTarget "L02" */;
			buildPhases = (
				97A4B13B1D4745D600BC9D14 /* Sources */,
				97A4B13C1D4745D600BC9D14 /* Frameworks */,
				97A4B13D1D4745D600BC9D14 /* Resources */,
			);
			buildRules = (
			);
			dependencies = (
			);
			name = L02;
			productName = L02;
			productReference = 97A4B13F1D4745D600BC9D14 /* L02.app */;
			productType = "com.apple.product-type.application";
		};
/* End PBXNativeTarget section */

/* Begin PBXProject section */
		97A4B1371D4745D600BC9D14 /* Project object */ = {
			isa = PBXProject;
			attributes = {
				LastSwiftUpdateCheck = 0730;
				LastUpgradeCheck = 0730;
				ORGANIZATIONNAME = "刘旺磊";
				TargetAttributes = {
					97A4B13E1D4745D600BC9D14 = {
						CreatedOnToolsVersion = 7.3.1;
					};
				};
			};
			buildConfigurationList = 97A4B13A1D4745D600BC9D14 /* Build configuration list for PBXProject "L02" */;
			compatibilityVersion = "Xcode 3.2";
			developmentRegion = English;
			hasScannedForEncodings = 0;
			knownRegions = (
				en,
				Base,
			);
			mainGroup = 97A4B1361D4745D600BC9D14;
			productRefGroup = 97A4B1401D4745D600BC9D14 /* Products */;
			projectDirPath = "";
			projectRoot = "";
			targets = (
				97A4B13E1D4745D600BC9D14 /* L02 */,
			);
		};
/* End PBXProject section */

/* Begin PBXResourcesBuildPhase section */
		97A4B13D1D4745D600BC9D14 /* Resources */ = {
			isa = PBXResourcesBuildPhase;
			buildActionMask = 2147483647;
			files = (
				97A4B14D1D4745D600BC9D14 /* LaunchScreen.storyboard in Resources */,
				97A4B14A1D4745D600BC9D14 /* Assets.xcassets in Resources */,
				97A4B1481D4745D600BC9D14 /* Main.storyboard in Resources */,
			);
			runOnlyForDeploymentPostprocessing = 0;
		};
/* End PBXResourcesBuildPhase section */

/* Begin PBXSourcesBuildPhase section */
		97A4B13B1D4745D600BC9D14 /* Sources */ = {
			isa = PBXSourcesBuildPhase;
			buildActionMask = 2147483647;
			files = (
				A8738F771D4852A000E6077B /* YuanDetailsViewController.swift in Sources */,
				A8738F6E1D476D5F00E6077B /* LeiLeiViewController.swift in Sources */,
				A8BF7A441D4F5C7F00B43868 /* CirCleView.swift in Sources */,
				97A4B1431D4745D600BC9D14 /* AppDelegate.swift in Sources */,
				A8738F701D476D6F00E6077B /* YuanViewController.swift in Sources */,
			);
			runOnlyForDeploymentPostprocessing = 0;
		};
/* End PBXSourcesBuildPhase section */

/* Begin PBXVariantGroup section */
		97A4B1461D4745D600BC9D14 /* Main.storyboard */ = {
			isa = PBXVariantGroup;
			children = (
				97A4B1471D4745D600BC9D14 /* Base */,
			);
			name = Main.storyboard;
			sourceTree = "<group>";
		};
		97A4B14B1D4745D600BC9D14 /* LaunchScreen.storyboard */ = {
			isa = PBXVariantGroup;
			children = (
				97A4B14C1D4745D600BC9D14 /* Base */,
			);
			name = LaunchScreen.storyboard;
			sourceTree = "<group>";
		};
/* End PBXVariantGroup section */

/* Begin XCBuildConfiguration section */
		97A4B1651D4745D600BC9D14 /* Debug */ = {
			isa = XCBuildConfiguration;
			buildSettings = {
				ALWAYS_SEARCH_USER_PATHS = NO;
				CLANG_ANALYZER_NONNULL = YES;
				CLANG_CXX_LANGUAGE_STANDARD = "gnu++0x";
				CLANG_CXX_LIBRARY = "libc++";
				CLANG_ENABLE_MODULES = YES;
				CLANG_ENABLE_OBJC_ARC = YES;
				CLANG_WARN_BOOL_CONVERSION = YES;
				CLANG_WARN_CONSTANT_CONVERSION = YES;
				CLANG_WARN_DIRECT_OBJC_ISA_USAGE = YES_ERROR;
				CLANG_WARN_EMPTY_BODY = YES;
				CLANG_WARN_ENUM_CONVERSION = YES;
				CLANG_WARN_INT_CONVERSION = YES;
				CLANG_WARN_OBJC_ROOT_CLASS = YES_ERROR;
				CLANG_WARN_UNREACHABLE_CODE = YES;
				CLANG_WARN__DUPLICATE_METHOD_MATCH = YES;
				"CODE_SIGN_IDENTITY[sdk=iphoneos*]" = "";
				COPY_PHASE_STRIP = NO;
				DEBUG_INFORMATION_FORMAT = dwarf;
				ENABLE_STRICT_OBJC_MSGSEND = YES;
				ENABLE_TESTABILITY = YES;
				GCC_C_LANGUAGE_STANDARD = gnu99;
				GCC_DYNAMIC_NO_PIC = NO;
				GCC_NO_COMMON_BLOCKS = YES;
				GCC_OPTIMIZATION_LEVEL = 0;
				GCC_PREPROCESSOR_DEFINITIONS = (
					"DEBUG=1",
					"$(inherited)",
				);
				GCC_WARN_64_TO_32_BIT_CONVERSION = YES;
				GCC_WARN_ABOUT_RETURN_TYPE = YES_ERROR;
				GCC_WARN_UNDECLARED_SELECTOR = YES;
				GCC_WARN_UNINITIALIZED_AUTOS = YES_AGGRESSIVE;
				GCC_WARN_UNUSED_FUNCTION = YES;
				GCC_WARN_UNUSED_VARIABLE = YES;
				IPHONEOS_DEPLOYMENT_TARGET = 9.3;
				MTL_ENABLE_DEBUG_INFO = YES;
				ONLY_ACTIVE_ARCH = YES;
				PROVISIONING_PROFILE = "a6f1422f-50e9-4a06-9797-204121e49b35";
				SDKROOT = iphoneos;
				SWIFT_OPTIMIZATION_LEVEL = "-Onone";
			};
			name = Debug;
		};
		97A4B1661D4745D600BC9D14 /* Release */ = {
			isa = XCBuildConfiguration;
			buildSettings = {
				ALWAYS_SEARCH_USER_PATHS = NO;
				CLANG_ANALYZER_NONNULL = YES;
				CLANG_CXX_LANGUAGE_STANDARD = "gnu++0x";
				CLANG_CXX_LIBRARY = "libc++";
				CLANG_ENABLE_MODULES = YES;
				CLANG_ENABLE_OBJC_ARC = YES;
				CLANG_WARN_BOOL_CONVERSION = YES;
				CLANG_WARN_CONSTANT_CONVERSION = YES;
				CLANG_WARN_DIRECT_OBJC_ISA_USAGE = YES_ERROR;
				CLANG_WARN_EMPTY_BODY = YES;
				CLANG_WARN_ENUM_CONVERSION = YES;
				CLANG_WARN_INT_CONVERSION = YES;
				CLANG_WARN_OBJC_ROOT_CLASS = YES_ERROR;
				CLANG_WARN_UNREACHABLE_CODE = YES;
				CLANG_WARN__DUPLICATE_METHOD_MATCH = YES;
				"CODE_SIGN_IDENTITY[sdk=iphoneos*]" = "";
				COPY_PHASE_STRIP = NO;
				DEBUG_INFORMATION_FORMAT = "dwarf-with-dsym";
				ENABLE_NS_ASSERTIONS = NO;
				ENABLE_STRICT_OBJC_MSGSEND = YES;
				GCC_C_LANGUAGE_STANDARD = gnu99;
				GCC_NO_COMMON_BLOCKS = YES;
				GCC_WARN_64_TO_32_BIT_CONVERSION = YES;
				GCC_WARN_ABOUT_RETURN_TYPE = YES_ERROR;
				GCC_WARN_UNDECLARED_SELECTOR = YES;
				GCC_WARN_UNINITIALIZED_AUTOS = YES_AGGRESSIVE;
				GCC_WARN_UNUSED_FUNCTION = YES;
				GCC_WARN_UNUSED_VARIABLE = YES;
				IPHONEOS_DEPLOYMENT_TARGET = 9.3;
				MTL_ENABLE_DEBUG_INFO = NO;
				PROVISIONING_PROFILE = "a6f1422f-50e9-4a06-9797-204121e49b35";
				SDKROOT = iphoneos;
				VALIDATE_PRODUCT = YES;
			};
			name = Release;
		};
		97A4B1681D4745D600BC9D14 /* Debug */ = {
			isa = XCBuildConfiguration;
			buildSettings = {
				ASSETCATALOG_COMPILER_APPICON_NAME = AppIcon;
				CODE_SIGN_IDENTITY = "";
				INFOPLIST_FILE = L02/Info.plist;
				LD_RUNPATH_SEARCH_PATHS = "$(inherited) @executable_path/Frameworks";
				PRODUCT_BUNDLE_IDENTIFIER = XiDan;
				PRODUCT_NAME = "$(TARGET_NAME)";
				PROVISIONING_PROFILE = "a6f1422f-50e9-4a06-9797-204121e49b35";
			};
			name = Debug;
		};
		97A4B1691D4745D600BC9D14 /* Release */ = {
			isa = XCBuildConfiguration;
			buildSettings = {
				ASSETCATALOG_COMPILER_APPICON_NAME = AppIcon;
				CODE_SIGN_IDENTITY = "";
				INFOPLIST_FILE = L02/Info.plist;
				LD_RUNPATH_SEARCH_PATHS = "$(inherited) @executable_path/Frameworks";
				PRODUCT_BUNDLE_IDENTIFIER = XiDan;
				PRODUCT_NAME = "$(TARGET_NAME)";
				PROVISIONING_PROFILE = "a6f1422f-50e9-4a06-9797-204121e49b35";
			};
			name = Release;
		};
/* End XCBuildConfiguration section */

/* Begin XCConfigurationList section */
		97A4B13A1D4745D600BC9D14 /* Build configuration list for PBXProject "L02" */ = {
			isa = XCConfigurationList;
			buildConfigurations = (
				97A4B1651D4745D600BC9D14 /* Debug */,
				97A4B1661D4745D600BC9D14 /* Release */,
			);
			defaultConfigurationIsVisible = 0;
			defaultConfigurationName = Release;
		};
		97A4B1671D4745D600BC9D14 /* Build configuration list for PBXNativeTarget "L02" */ = {
			isa = XCConfigurationList;
			buildConfigurations = (
				97A4B1681D4745D600BC9D14 /* Debug */,
				97A4B1691D4745D600BC9D14 /* Release */,
			);
			defaultConfigurationIsVisible = 0;
			defaultConfigurationName = Release;
		};
/* End XCConfigurationList section */
	};
	rootObject = 97A4B1371D4745D600BC9D14 /* Project object */;
}
